{
  "nodes": {
    "nixpkgs": {
      "locked": {
        "lastModified": 1628779307,
        "narHash": "sha256-ErivbgE5SGvNdFpq+Q50lw1JGGmvxBR/d71aW41S+1A=",
        "owner": "NixOS",
        "repo": "nixpkgs",
        "rev": "4138cbd913fad85073e59007710e3f083d0eb7c6",
        "type": "github"
      },
      "original": {
        "id": "nixpkgs",
        "type": "indirect"
      }
    },
    "root": {
      "inputs": {
        "nixpkgs": "nixpkgs",
        "utils": "utils"
      }
    },
    "utils": {
      "locked": {
        "lastModified": 1628100524,
        "narHash": "sha256-vqI3p9fNj0C4ykTwMjryztszLHq9YU7AUkRJ9BK7rpE=",
        "owner": "kreisys",
        "repo": "flake-utils",
        "rev": "7e5e32b9b20e6091adf27d7cdb1e0a0578b6f4f6",
        "type": "github"
      },
      "original": {
        "owner": "kreisys",
        "repo": "flake-utils",
        "type": "github"
      }
    }
  },
  "root": "root",
  "version": 7
}
